
Microsoft Visual Studio Solution File, Format Version 12.00
# Visual Studio Version 17
VisualStudioVersion = 17.2.32505.173
MinimumVisualStudioVersion = 10.0.40219.1
Project("{FAE04EC0-301F-11D3-BF4B-00C04F79EFBC}") = "Borusan.Core", "Borusan.Core\Borusan.Core.csproj", "{D78FE47A-4473-4306-B781-1835D6F741F4}"
EndProject
Global
	GlobalSection(SolutionConfigurationPlatforms) = preSolution
		Debug|Any CPU = Debug|Any CPU
		Release|Any CPU = Release|Any CPU
	EndGlobalSection
	GlobalSection(ProjectConfigurationPlatforms) = postSolution
		{D78FE47A-4473-4306-B781-1835D6F741F4}.Debug|Any CPU.ActiveCfg = Debug|Any CPU
		{D78FE47A-4473-4306-B781-1835D6F741F4}.Debug|Any CPU.Build.0 = Debug|Any CPU
		{D78FE47A-4473-4306-B781-1835D6F741F4}.Release|Any CPU.ActiveCfg = Release|Any CPU
		{D78FE47A-4473-4306-B781-1835D6F741F4}.Release|Any CPU.Build.0 = Release|Any CPU
	EndGlobalSection
	GlobalSection(SolutionProperties) = preSolution
		HideSolutionNode = FALSE
	EndGlobalSection
	GlobalSection(ExtensibilityGlobals) = postSolution
		SolutionGuid = {E41535B1-EE3E-4230-AE26-C4FD5B324EFD}
	EndGlobalSection
EndGlobal
